// !$*UTF8*$!
{
	archiveVersion = 1;
	classes = {
	};
	objectVersion = 56;
	objects = {

/* Begin PBXBuildFile section */
		00134F1C2A514D080091D6FD /* SpeedModel.swift in Sources */ = {isa = PBXBuildFile; fileRef = 00134F1B2A514D080091D6FD /* SpeedModel.swift */; };
		00134F1D2A514D080091D6FD /* SpeedModel.swift in Sources */ = {isa = PBXBuildFile; fileRef = 00134F1B2A514D080091D6FD /* SpeedModel.swift */; };
		00134F202A514DD20091D6FD /* SpeedService.swift in Sources */ = {isa = PBXBuildFile; fileRef = 00134F1F2A514DD20091D6FD /* SpeedService.swift */; };
		00134F212A514DD20091D6FD /* SpeedService.swift in Sources */ = {isa = PBXBuildFile; fileRef = 00134F1F2A514DD20091D6FD /* SpeedService.swift */; };
		00134F232A514E0F0091D6FD /* NetworkError.swift in Sources */ = {isa = PBXBuildFile; fileRef = 00134F222A514E0F0091D6FD /* NetworkError.swift */; };
		00134F242A514E0F0091D6FD /* NetworkError.swift in Sources */ = {isa = PBXBuildFile; fileRef = 00134F222A514E0F0091D6FD /* NetworkError.swift */; };
		00134F262A514E540091D6FD /* DownloadService.swift in Sources */ = {isa = PBXBuildFile; fileRef = 00134F252A514E540091D6FD /* DownloadService.swift */; };
		00134F272A514E540091D6FD /* DownloadService.swift in Sources */ = {isa = PBXBuildFile; fileRef = 00134F252A514E540091D6FD /* DownloadService.swift */; };
		00134F292A514E820091D6FD /* URL+ping.swift in Sources */ = {isa = PBXBuildFile; fileRef = 00134F282A514E820091D6FD /* URL+ping.swift */; };
		00134F2A2A514E820091D6FD /* URL+ping.swift in Sources */ = {isa = PBXBuildFile; fileRef = 00134F282A514E820091D6FD /* URL+ping.swift */; };
		00134F2D2A514F6A0091D6FD /* SpeedWidget.swift in Sources */ = {isa = PBXBuildFile; fileRef = 00134F2B2A514F6A0091D6FD /* SpeedWidget.swift */; };
		00134F2F2A5153610091D6FD /* ViewModifier_iOS17.swift in Sources */ = {isa = PBXBuildFile; fileRef = 00134F2E2A5153610091D6FD /* ViewModifier_iOS17.swift */; };
		00134F302A5153610091D6FD /* ViewModifier_iOS17.swift in Sources */ = {isa = PBXBuildFile; fileRef = 00134F2E2A5153610091D6FD /* ViewModifier_iOS17.swift */; };
		001710F42A601642003D2071 /* RedditMemeResponse.swift in Sources */ = {isa = PBXBuildFile; fileRef = 001710F32A601642003D2071 /* RedditMemeResponse.swift */; };
		001710F52A601645003D2071 /* RedditMemeResponse.swift in Sources */ = {isa = PBXBuildFile; fileRef = 001710F32A601642003D2071 /* RedditMemeResponse.swift */; };
		001ACE0A2A4EBA2C000CE9AF /* UIImage+resize.swift in Sources */ = {isa = PBXBuildFile; fileRef = 001ACE092A4EBA2C000CE9AF /* UIImage+resize.swift */; };
		001ACE0B2A4EBA2E000CE9AF /* UIImage+resize.swift in Sources */ = {isa = PBXBuildFile; fileRef = 001ACE092A4EBA2C000CE9AF /* UIImage+resize.swift */; };
		001CB1F42A67E84900458B60 /* MemeGenView.swift in Sources */ = {isa = PBXBuildFile; fileRef = 001CB1F32A67E84900458B60 /* MemeGenView.swift */; };
		001CB1F62A67ED1200458B60 /* MemeGeneratorModels.swift in Sources */ = {isa = PBXBuildFile; fileRef = 001CB1F52A67ED1200458B60 /* MemeGeneratorModels.swift */; };
		001CB1F72A67EEBB00458B60 /* MemeGeneratorModels.swift in Sources */ = {isa = PBXBuildFile; fileRef = 001CB1F52A67ED1200458B60 /* MemeGeneratorModels.swift */; };
		001E38022A98830D00964FA6 /* ShlokaPlayerModel.swift in Sources */ = {isa = PBXBuildFile; fileRef = 001E38012A98830D00964FA6 /* ShlokaPlayerModel.swift */; };
		001E38032A98830D00964FA6 /* ShlokaPlayerModel.swift in Sources */ = {isa = PBXBuildFile; fileRef = 001E38012A98830D00964FA6 /* ShlokaPlayerModel.swift */; };
		001FB8C12A5FDE3B0020F69C /* ImageSaver.swift in Sources */ = {isa = PBXBuildFile; fileRef = 001FB8C02A5FDE3B0020F69C /* ImageSaver.swift */; };
		001FB8C22A5FDF220020F69C /* ImageSaver.swift in Sources */ = {isa = PBXBuildFile; fileRef = 001FB8C02A5FDE3B0020F69C /* ImageSaver.swift */; };
		0024EA0A2A9765DC002DA30C /* Apple Chancery.ttf in Resources */ = {isa = PBXBuildFile; fileRef = 0024EA092A9765DC002DA30C /* Apple Chancery.ttf */; };
		0024EA0B2A9765DC002DA30C /* Apple Chancery.ttf in Resources */ = {isa = PBXBuildFile; fileRef = 0024EA092A9765DC002DA30C /* Apple Chancery.ttf */; };
		003BD2682A4D72B3009FDFAC /* MyIntents.swift in Sources */ = {isa = PBXBuildFile; fileRef = 003BD2672A4D72B3009FDFAC /* MyIntents.swift */; };
		003BD2692A4D72B3009FDFAC /* MyIntents.swift in Sources */ = {isa = PBXBuildFile; fileRef = 003BD2672A4D72B3009FDFAC /* MyIntents.swift */; };
		003BD26B2A4D81C2009FDFAC /* QuoteAPIModel.swift in Sources */ = {isa = PBXBuildFile; fileRef = 003BD26A2A4D81C2009FDFAC /* QuoteAPIModel.swift */; };
		003BD26C2A4D81C2009FDFAC /* QuoteAPIModel.swift in Sources */ = {isa = PBXBuildFile; fileRef = 003BD26A2A4D81C2009FDFAC /* QuoteAPIModel.swift */; };
		004337802A339DBD004AF73F /* ContentView.swift in Sources */ = {isa = PBXBuildFile; fileRef = 0043377E2A339DBD004AF73F /* ContentView.swift */; };
		004337822A339E87004AF73F /* UserDefaultExtension.swift in Sources */ = {isa = PBXBuildFile; fileRef = 004337812A339E87004AF73F /* UserDefaultExtension.swift */; };
		004337832A33A140004AF73F /* UserDefaultExtension.swift in Sources */ = {isa = PBXBuildFile; fileRef = 004337812A339E87004AF73F /* UserDefaultExtension.swift */; };
		004860152A1B8A7800F3E6B4 /* ExApp.swift in Sources */ = {isa = PBXBuildFile; fileRef = 004860142A1B8A7800F3E6B4 /* ExApp.swift */; };
		004860192A1B8A7900F3E6B4 /* Assets.xcassets in Resources */ = {isa = PBXBuildFile; fileRef = 004860182A1B8A7900F3E6B4 /* Assets.xcassets */; };
		0048601C2A1B8A7900F3E6B4 /* Preview Assets.xcassets in Resources */ = {isa = PBXBuildFile; fileRef = 0048601B2A1B8A7900F3E6B4 /* Preview Assets.xcassets */; };
		004C7D7E2AC1C96000F8D7EB /* SportsWallpaperWidget.swift in Sources */ = {isa = PBXBuildFile; fileRef = 004C7D7D2AC1C96000F8D7EB /* SportsWallpaperWidget.swift */; };
		004CA8492A793EEB005B4F07 /* GifImage.swift in Sources */ = {isa = PBXBuildFile; fileRef = 004CA8482A793EEB005B4F07 /* GifImage.swift */; };
		004CA8512A79455E005B4F07 /* add_to_home_screen_new.gif in Resources */ = {isa = PBXBuildFile; fileRef = 004CA8502A79455E005B4F07 /* add_to_home_screen_new.gif */; };
		004D9B392A4D98F100199886 /* HTTPAnimalPictureWidget.swift in Sources */ = {isa = PBXBuildFile; fileRef = 004D9B382A4D98F100199886 /* HTTPAnimalPictureWidget.swift */; };
		004D9B3E2A4D99CD00199886 /* ImageProvider.swift in Sources */ = {isa = PBXBuildFile; fileRef = 004D9B3D2A4D99CD00199886 /* ImageProvider.swift */; };
		004D9B402A4D9E5600199886 /* NewConfigIntent.swift in Sources */ = {isa = PBXBuildFile; fileRef = 004D9B3F2A4D9E5600199886 /* NewConfigIntent.swift */; };
		004D9B432A4DA50600199886 /* NewConfigIntent.swift in Sources */ = {isa = PBXBuildFile; fileRef = 004D9B3F2A4D9E5600199886 /* NewConfigIntent.swift */; };
		005048F52A6E95F200328710 /* FlirtyLineModel.swift in Sources */ = {isa = PBXBuildFile; fileRef = 005048F42A6E95F200328710 /* FlirtyLineModel.swift */; };
		005048F62A6E95F200328710 /* FlirtyLineModel.swift in Sources */ = {isa = PBXBuildFile; fileRef = 005048F42A6E95F200328710 /* FlirtyLineModel.swift */; };
		0050BDE92A8B740700D3162A /* NextMCUFilm.swift in Sources */ = {isa = PBXBuildFile; fileRef = 0050BDE82A8B740700D3162A /* NextMCUFilm.swift */; };
		0050BDEA2A8B76E400D3162A /* NextMCUFilm.swift in Sources */ = {isa = PBXBuildFile; fileRef = 0050BDE82A8B740700D3162A /* NextMCUFilm.swift */; };
		0050BDEF2A8BDB3A00D3162A /* MCUFilms.json in Resources */ = {isa = PBXBuildFile; fileRef = 0050BDEE2A8BDB3A00D3162A /* MCUFilms.json */; };
		0050BDF02A8BDB3A00D3162A /* MCUFilms.json in Resources */ = {isa = PBXBuildFile; fileRef = 0050BDEE2A8BDB3A00D3162A /* MCUFilms.json */; };
		0050BDF12A8BDB3A00D3162A /* MCUFilms.json in Resources */ = {isa = PBXBuildFile; fileRef = 0050BDEE2A8BDB3A00D3162A /* MCUFilms.json */; };
		0050BDF32A8BE0E100D3162A /* NextMCUFilmWidget.swift in Sources */ = {isa = PBXBuildFile; fileRef = 0050BDF22A8BE0E100D3162A /* NextMCUFilmWidget.swift */; };
		00511CE22A2C911F00D1FD13 /* Request.swift in Sources */ = {isa = PBXBuildFile; fileRef = 00511CE12A2C911F00D1FD13 /* Request.swift */; };
		00511CEA2A2C960300D1FD13 /* WidgetKit.framework in Frameworks */ = {isa = PBXBuildFile; fileRef = 00511CE92A2C960300D1FD13 /* WidgetKit.framework */; };
		00511CEC2A2C960300D1FD13 /* SwiftUI.framework in Frameworks */ = {isa = PBXBuildFile; fileRef = 00511CEB2A2C960300D1FD13 /* SwiftUI.framework */; };
		00511CEF2A2C960300D1FD13 /* JokeWidgetBundle.swift in Sources */ = {isa = PBXBuildFile; fileRef = 00511CEE2A2C960300D1FD13 /* JokeWidgetBundle.swift */; };
		00511CF12A2C960300D1FD13 /* JokeWidget.swift in Sources */ = {isa = PBXBuildFile; fileRef = 00511CF02A2C960300D1FD13 /* JokeWidget.swift */; };
		00511CF32A2C960500D1FD13 /* Assets.xcassets in Resources */ = {isa = PBXBuildFile; fileRef = 00511CF22A2C960500D1FD13 /* Assets.xcassets */; };
		00511CF72A2C960500D1FD13 /* JokeWidgetExtension.appex in Embed Foundation Extensions */ = {isa = PBXBuildFile; fileRef = 00511CE72A2C960300D1FD13 /* JokeWidgetExtension.appex */; settings = {ATTRIBUTES = (RemoveHeadersOnCopy, ); }; };
		00511CFC2A2C961200D1FD13 /* Request.swift in Sources */ = {isa = PBXBuildFile; fileRef = 00511CE12A2C911F00D1FD13 /* Request.swift */; };
		00511CFE2A2CA03C00D1FD13 /* Screenshot 2023-06-04 at 16.04.08.png in Resources */ = {isa = PBXBuildFile; fileRef = 00511CFD2A2CA03C00D1FD13 /* Screenshot 2023-06-04 at 16.04.08.png */; };
		0058ABA32A66BC3F0050FA96 /* CuteAnimalWidget.swift in Sources */ = {isa = PBXBuildFile; fileRef = 0058ABA22A66BC3F0050FA96 /* CuteAnimalWidget.swift */; };
		007F29B52A8A3D7600D729D0 /* Date+RawRepresentale.swift in Sources */ = {isa = PBXBuildFile; fileRef = 007F29B42A8A3D7600D729D0 /* Date+RawRepresentale.swift */; };
		007F29B62A8A3D7600D729D0 /* Date+RawRepresentale.swift in Sources */ = {isa = PBXBuildFile; fileRef = 007F29B42A8A3D7600D729D0 /* Date+RawRepresentale.swift */; };
		00842AD32A7A76350016983C /* MarqueeText in Frameworks */ = {isa = PBXBuildFile; productRef = 00842AD22A7A76350016983C /* MarqueeText */; };
		008769B02ABEC40000E4B572 /* AnimalPictureConfig.intentdefinition in Sources */ = {isa = PBXBuildFile; fileRef = 008769AF2ABEC40000E4B572 /* AnimalPictureConfig.intentdefinition */; };
		008769B12ABEC40000E4B572 /* AnimalPictureConfig.intentdefinition in Sources */ = {isa = PBXBuildFile; fileRef = 008769AF2ABEC40000E4B572 /* AnimalPictureConfig.intentdefinition */; };
		008769B22ABEC40000E4B572 /* AnimalPictureConfig.intentdefinition in Sources */ = {isa = PBXBuildFile; fileRef = 008769AF2ABEC40000E4B572 /* AnimalPictureConfig.intentdefinition */; };
		008769B42ABEC9D500E4B572 /* EraserDust-p70d.ttf in Resources */ = {isa = PBXBuildFile; fileRef = 008769B32ABEC9D500E4B572 /* EraserDust-p70d.ttf */; };
		008769B52ABEC9D500E4B572 /* EraserDust-p70d.ttf in Resources */ = {isa = PBXBuildFile; fileRef = 008769B32ABEC9D500E4B572 /* EraserDust-p70d.ttf */; };
		008769B62ABEC9D500E4B572 /* EraserDust-p70d.ttf in Resources */ = {isa = PBXBuildFile; fileRef = 008769B32ABEC9D500E4B572 /* EraserDust-p70d.ttf */; };
		008C2AF92A7B918D0078EEB7 /* CarryYouRegular.ttf in Resources */ = {isa = PBXBuildFile; fileRef = 008C2AF82A7B918D0078EEB7 /* CarryYouRegular.ttf */; };
		008C2AFA2A7B918D0078EEB7 /* CarryYouRegular.ttf in Resources */ = {isa = PBXBuildFile; fileRef = 008C2AF82A7B918D0078EEB7 /* CarryYouRegular.ttf */; };
		0091D99A2A5EBFD9002A281A /* HelperViews.swift in Sources */ = {isa = PBXBuildFile; fileRef = 0091D9992A5EBFD9002A281A /* HelperViews.swift */; };
		009CEBCB2A72645A00E3D2E7 /* FactAboutTodayWidget.swift in Sources */ = {isa = PBXBuildFile; fileRef = 009CEBCA2A72645A00E3D2E7 /* FactAboutTodayWidget.swift */; };
		009ECD532A8CA99B002DE0A9 /* IntentHandler.swift in Sources */ = {isa = PBXBuildFile; fileRef = 00AC0A602A867BC800798580 /* IntentHandler.swift */; };
		009ECD542A8CA99C002DE0A9 /* IntentHandler.swift in Sources */ = {isa = PBXBuildFile; fileRef = 00AC0A602A867BC800798580 /* IntentHandler.swift */; };
		009ECD572A8CAA20002DE0A9 /* Array+asNStringArray.swift in Sources */ = {isa = PBXBuildFile; fileRef = 009ECD562A8CAA20002DE0A9 /* Array+asNStringArray.swift */; };
		009ECD582A8CAA20002DE0A9 /* Array+asNStringArray.swift in Sources */ = {isa = PBXBuildFile; fileRef = 009ECD562A8CAA20002DE0A9 /* Array+asNStringArray.swift */; };
		009ECD592A8CAA20002DE0A9 /* Array+asNStringArray.swift in Sources */ = {isa = PBXBuildFile; fileRef = 009ECD562A8CAA20002DE0A9 /* Array+asNStringArray.swift */; };
		009ECD5C2A8CE19A002DE0A9 /* IdentifiableString.swift in Sources */ = {isa = PBXBuildFile; fileRef = 009ECD5B2A8CE19A002DE0A9 /* IdentifiableString.swift */; };
		009ECD5D2A8CE19A002DE0A9 /* IdentifiableString.swift in Sources */ = {isa = PBXBuildFile; fileRef = 009ECD5B2A8CE19A002DE0A9 /* IdentifiableString.swift */; };
		009ECD5E2A8CE19A002DE0A9 /* IdentifiableString.swift in Sources */ = {isa = PBXBuildFile; fileRef = 009ECD5B2A8CE19A002DE0A9 /* IdentifiableString.swift */; };
		00A07F652A5D2F6B006FC4DB /* NASAApodResponse.swift in Sources */ = {isa = PBXBuildFile; fileRef = 00A07F642A5D2F6B006FC4DB /* NASAApodResponse.swift */; };
		00A07F662A5D2F6B006FC4DB /* NASAApodResponse.swift in Sources */ = {isa = PBXBuildFile; fileRef = 00A07F642A5D2F6B006FC4DB /* NASAApodResponse.swift */; };
		00A07F6C2A5D4416006FC4DB /* NASAApodWidget.swift in Sources */ = {isa = PBXBuildFile; fileRef = 00A07F6A2A5D4416006FC4DB /* NASAApodWidget.swift */; };
		00A07F752A5D7B85006FC4DB /* Config.plist in Resources */ = {isa = PBXBuildFile; fileRef = 00A07F742A5D7B85006FC4DB /* Config.plist */; };
		00A07F762A5D7B85006FC4DB /* Config.plist in Resources */ = {isa = PBXBuildFile; fileRef = 00A07F742A5D7B85006FC4DB /* Config.plist */; };
		00A6051A2A6E9BD100AF5FD0 /* FlirtyLinesWidget.swift in Sources */ = {isa = PBXBuildFile; fileRef = 00A605192A6E9BD100AF5FD0 /* FlirtyLinesWidget.swift */; };
		00A6051C2A6FE09600AF5FD0 /* NumberAPIURLS.swift in Sources */ = {isa = PBXBuildFile; fileRef = 00A6051B2A6FE09600AF5FD0 /* NumberAPIURLS.swift */; };
		00A6051D2A6FE09600AF5FD0 /* NumberAPIURLS.swift in Sources */ = {isa = PBXBuildFile; fileRef = 00A6051B2A6FE09600AF5FD0 /* NumberAPIURLS.swift */; };
		00A6051F2A6FEE2D00AF5FD0 /* DigitalDisplayRegular.ttf in Resources */ = {isa = PBXBuildFile; fileRef = 00A6051E2A6FEE2D00AF5FD0 /* DigitalDisplayRegular.ttf */; };
		00A605202A6FEE2D00AF5FD0 /* DigitalDisplayRegular.ttf in Resources */ = {isa = PBXBuildFile; fileRef = 00A6051E2A6FEE2D00AF5FD0 /* DigitalDisplayRegular.ttf */; };
		00A605222A6FF15D00AF5FD0 /* DS-DIGI.TTF in Resources */ = {isa = PBXBuildFile; fileRef = 00A605212A6FF15D00AF5FD0 /* DS-DIGI.TTF */; };
		00A605232A6FF15D00AF5FD0 /* DS-DIGI.TTF in Resources */ = {isa = PBXBuildFile; fileRef = 00A605212A6FF15D00AF5FD0 /* DS-DIGI.TTF */; };
		00A605252A6FF6CB00AF5FD0 /* DS-DIGIB.TTF in Resources */ = {isa = PBXBuildFile; fileRef = 00A605242A6FF6CB00AF5FD0 /* DS-DIGIB.TTF */; };
		00A605262A6FF6CB00AF5FD0 /* DS-DIGIB.TTF in Resources */ = {isa = PBXBuildFile; fileRef = 00A605242A6FF6CB00AF5FD0 /* DS-DIGIB.TTF */; };
		00AC0A262A8641C900798580 /* TVShowQuoteResponse.swift in Sources */ = {isa = PBXBuildFile; fileRef = 00AC0A252A8641C900798580 /* TVShowQuoteResponse.swift */; };
		00AC0A282A8642B300798580 /* TVShowQuotes.json in Resources */ = {isa = PBXBuildFile; fileRef = 00AC0A272A8642B300798580 /* TVShowQuotes.json */; };
		00AC0A292A8642B300798580 /* TVShowQuotes.json in Resources */ = {isa = PBXBuildFile; fileRef = 00AC0A272A8642B300798580 /* TVShowQuotes.json */; };
		00AC0A2A2A864ADC00798580 /* TVShowQuoteResponse.swift in Sources */ = {isa = PBXBuildFile; fileRef = 00AC0A252A8641C900798580 /* TVShowQuoteResponse.swift */; };
		00AC0A552A865F5D00798580 /* TVShowQuoteWidget.swift in Sources */ = {isa = PBXBuildFile; fileRef = 00AC0A542A865F5D00798580 /* TVShowQuoteWidget.swift */; };
		00AC0A5E2A867BC700798580 /* Intents.framework in Frameworks */ = {isa = PBXBuildFile; fileRef = 00AC0A342A865EA000798580 /* Intents.framework */; };
		00AC0A612A867BC800798580 /* IntentHandler.swift in Sources */ = {isa = PBXBuildFile; fileRef = 00AC0A602A867BC800798580 /* IntentHandler.swift */; };
		00AC0A652A867BC800798580 /* MyIntentHandler.appex in Embed Foundation Extensions */ = {isa = PBXBuildFile; fileRef = 00AC0A5D2A867BC700798580 /* MyIntentHandler.appex */; settings = {ATTRIBUTES = (RemoveHeadersOnCopy, ); }; };
		00AC0A6B2A867C6C00798580 /* TVShowQuoteResponse.swift in Sources */ = {isa = PBXBuildFile; fileRef = 00AC0A252A8641C900798580 /* TVShowQuoteResponse.swift */; };
		00AC0A6D2A867E8000798580 /* Array+RawRepresentable.swift in Sources */ = {isa = PBXBuildFile; fileRef = 00AC0A6C2A867E8000798580 /* Array+RawRepresentable.swift */; };
		00AC0A6E2A867E9E00798580 /* Array+RawRepresentable.swift in Sources */ = {isa = PBXBuildFile; fileRef = 00AC0A6C2A867E8000798580 /* Array+RawRepresentable.swift */; };
		00AC0A6F2A867E9F00798580 /* Array+RawRepresentable.swift in Sources */ = {isa = PBXBuildFile; fileRef = 00AC0A6C2A867E8000798580 /* Array+RawRepresentable.swift */; };
		00B799B12A6985D300F66EC5 /* RAVIE.TTF in Resources */ = {isa = PBXBuildFile; fileRef = 00B799B02A6985D300F66EC5 /* RAVIE.TTF */; };
		00B799B22A6985D300F66EC5 /* RAVIE.TTF in Resources */ = {isa = PBXBuildFile; fileRef = 00B799B02A6985D300F66EC5 /* RAVIE.TTF */; };
		00D004AB2A652F7200D51C7E /* ComicKings.ttf in Resources */ = {isa = PBXBuildFile; fileRef = 00D004AA2A652F7200D51C7E /* ComicKings.ttf */; };
		00D004AC2A652F7200D51C7E /* ComicKings.ttf in Resources */ = {isa = PBXBuildFile; fileRef = 00D004AA2A652F7200D51C7E /* ComicKings.ttf */; };
		00D004B12A65618200D51C7E /* SubscribeShadowRegular.ttf in Resources */ = {isa = PBXBuildFile; fileRef = 00D004AF2A65618200D51C7E /* SubscribeShadowRegular.ttf */; };
		00D004B22A65618200D51C7E /* SubscribeShadowRegular.ttf in Resources */ = {isa = PBXBuildFile; fileRef = 00D004AF2A65618200D51C7E /* SubscribeShadowRegular.ttf */; };
		00D004B32A65618200D51C7E /* SubscribeRegular.ttf in Resources */ = {isa = PBXBuildFile; fileRef = 00D004B02A65618200D51C7E /* SubscribeRegular.ttf */; };
		00D004B42A65618200D51C7E /* SubscribeRegular.ttf in Resources */ = {isa = PBXBuildFile; fileRef = 00D004B02A65618200D51C7E /* SubscribeRegular.ttf */; };
		00D004B62A65963500D51C7E /* JokeType.swift in Sources */ = {isa = PBXBuildFile; fileRef = 00D004B52A65963500D51C7E /* JokeType.swift */; };
		00D004B72A65963500D51C7E /* JokeType.swift in Sources */ = {isa = PBXBuildFile; fileRef = 00D004B52A65963500D51C7E /* JokeType.swift */; };
		00E4B58A2A4C6E580064E63C /* QuoteWidget.swift in Sources */ = {isa = PBXBuildFile; fileRef = 00E4B5892A4C6E580064E63C /* QuoteWidget.swift */; };
		00F49BAC2A73C450008428F9 /* AllWidgetsView.swift in Sources */ = {isa = PBXBuildFile; fileRef = 00F49BAB2A73C450008428F9 /* AllWidgetsView.swift */; };
		00F49BAF2A73DD44008428F9 /* Storage.swift in Sources */ = {isa = PBXBuildFile; fileRef = 00F49BAE2A73DD44008428F9 /* Storage.swift */; };
		00F5230A2A81008C0046576E /* BhagwatGitaResponse.swift in Sources */ = {isa = PBXBuildFile; fileRef = 00F523092A81008C0046576E /* BhagwatGitaResponse.swift */; };
		00F5230B2A81008C0046576E /* BhagwatGitaResponse.swift in Sources */ = {isa = PBXBuildFile; fileRef = 00F523092A81008C0046576E /* BhagwatGitaResponse.swift */; };
		00F5230D2A8103400046576E /* Shlokas.json in Resources */ = {isa = PBXBuildFile; fileRef = 00F5230C2A8103400046576E /* Shlokas.json */; };
		00F5230E2A8103400046576E /* Shlokas.json in Resources */ = {isa = PBXBuildFile; fileRef = 00F5230C2A8103400046576E /* Shlokas.json */; };
		00F523102A81043F0046576E /* BhagvatGitaWidget.swift in Sources */ = {isa = PBXBuildFile; fileRef = 00F5230F2A81043F0046576E /* BhagvatGitaWidget.swift */; };
		00F523112A81043F0046576E /* BhagvatGitaWidget.swift in Sources */ = {isa = PBXBuildFile; fileRef = 00F5230F2A81043F0046576E /* BhagvatGitaWidget.swift */; };
		00F523132A8108650046576E /* HandwritingDraft.ttf in Resources */ = {isa = PBXBuildFile; fileRef = 00F523122A8108650046576E /* HandwritingDraft.ttf */; };
		00F523142A8108650046576E /* HandwritingDraft.ttf in Resources */ = {isa = PBXBuildFile; fileRef = 00F523122A8108650046576E /* HandwritingDraft.ttf */; };
		00FEA1272AA086D4000C8E88 /* Dictionary+percentEncoded.swift in Sources */ = {isa = PBXBuildFile; fileRef = 00FEA1262AA086D4000C8E88 /* Dictionary+percentEncoded.swift */; };
		00FEA1282AA086D4000C8E88 /* Dictionary+percentEncoded.swift in Sources */ = {isa = PBXBuildFile; fileRef = 00FEA1262AA086D4000C8E88 /* Dictionary+percentEncoded.swift */; };
/* End PBXBuildFile section */

/* Begin PBXContainerItemProxy section */
		00511CF52A2C960500D1FD13 /* PBXContainerItemProxy */ = {
			isa = PBXContainerItemProxy;
			containerPortal = 004860092A1B8A7800F3E6B4 /* Project object */;
			proxyType = 1;
			remoteGlobalIDString = 00511CE62A2C960300D1FD13;
			remoteInfo = JokeWidgetExtension;
		};
		00AC0A632A867BC800798580 /* PBXContainerItemProxy */ = {
			isa = PBXContainerItemProxy;
			containerPortal = 004860092A1B8A7800F3E6B4 /* Project object */;
			proxyType = 1;
			remoteGlobalIDString = 00AC0A5C2A867BC700798580;
			remoteInfo = MyIntentHandler;
		};
/* End PBXContainerItemProxy section */

/* Begin PBXCopyFilesBuildPhase section */
		00511CFB2A2C960500D1FD13 /* Embed Foundation Extensions */ = {
			isa = PBXCopyFilesBuildPhase;
			buildActionMask = 2147483647;
			dstPath = "";
			dstSubfolderSpec = 13;
			files = (
				00511CF72A2C960500D1FD13 /* JokeWidgetExtension.appex in Embed Foundation Extensions */,
				00AC0A652A867BC800798580 /* MyIntentHandler.appex in Embed Foundation Extensions */,
			);
			name = "Embed Foundation Extensions";
			runOnlyForDeploymentPostprocessing = 0;
		};
/* End PBXCopyFilesBuildPhase section */

/* Begin PBXFileReference section */
		00134F1B2A514D080091D6FD /* SpeedModel.swift */ = {isa = PBXFileReference; lastKnownFileType = sourcecode.swift; path = SpeedModel.swift; sourceTree = "<group>"; };
		00134F1F2A514DD20091D6FD /* SpeedService.swift */ = {isa = PBXFileReference; lastKnownFileType = sourcecode.swift; path = SpeedService.swift; sourceTree = "<group>"; };
		00134F222A514E0F0091D6FD /* NetworkError.swift */ = {isa = PBXFileReference; lastKnownFileType = sourcecode.swift; path = NetworkError.swift; sourceTree = "<group>"; };
		00134F252A514E540091D6FD /* DownloadService.swift */ = {isa = PBXFileReference; lastKnownFileType = sourcecode.swift; path = DownloadService.swift; sourceTree = "<group>"; };
		00134F282A514E820091D6FD /* URL+ping.swift */ = {isa = PBXFileReference; lastKnownFileType = sourcecode.swift; path = "URL+ping.swift"; sourceTree = "<group>"; };
		00134F2B2A514F6A0091D6FD /* SpeedWidget.swift */ = {isa = PBXFileReference; lastKnownFileType = sourcecode.swift; path = SpeedWidget.swift; sourceTree = "<group>"; };
		00134F2E2A5153610091D6FD /* ViewModifier_iOS17.swift */ = {isa = PBXFileReference; lastKnownFileType = sourcecode.swift; path = ViewModifier_iOS17.swift; sourceTree = "<group>"; };
		001710F32A601642003D2071 /* RedditMemeResponse.swift */ = {isa = PBXFileReference; lastKnownFileType = sourcecode.swift; path = RedditMemeResponse.swift; sourceTree = "<group>"; };
		001ACE092A4EBA2C000CE9AF /* UIImage+resize.swift */ = {isa = PBXFileReference; lastKnownFileType = sourcecode.swift; path = "UIImage+resize.swift"; sourceTree = "<group>"; };
		001CB1F32A67E84900458B60 /* MemeGenView.swift */ = {isa = PBXFileReference; lastKnownFileType = sourcecode.swift; path = MemeGenView.swift; sourceTree = "<group>"; };
		001CB1F52A67ED1200458B60 /* MemeGeneratorModels.swift */ = {isa = PBXFileReference; lastKnownFileType = sourcecode.swift; path = MemeGeneratorModels.swift; sourceTree = "<group>"; };
		001E38012A98830D00964FA6 /* ShlokaPlayerModel.swift */ = {isa = PBXFileReference; lastKnownFileType = sourcecode.swift; path = ShlokaPlayerModel.swift; sourceTree = "<group>"; };
		001FB8C02A5FDE3B0020F69C /* ImageSaver.swift */ = {isa = PBXFileReference; lastKnownFileType = sourcecode.swift; path = ImageSaver.swift; sourceTree = "<group>"; };
		0024EA092A9765DC002DA30C /* Apple Chancery.ttf */ = {isa = PBXFileReference; lastKnownFileType = file; path = "Apple Chancery.ttf"; sourceTree = "<group>"; };
		003BD2652A4D718A009FDFAC /* Ex.entitlements */ = {isa = PBXFileReference; lastKnownFileType = text.plist.entitlements; path = Ex.entitlements; sourceTree = "<group>"; };
		003BD2662A4D7194009FDFAC /* JokeWidgetExtension.entitlements */ = {isa = PBXFileReference; lastKnownFileType = text.plist.entitlements; path = JokeWidgetExtension.entitlements; sourceTree = "<group>"; };
		003BD2672A4D72B3009FDFAC /* MyIntents.swift */ = {isa = PBXFileReference; lastKnownFileType = sourcecode.swift; path = MyIntents.swift; sourceTree = "<group>"; };
		003BD26A2A4D81C2009FDFAC /* QuoteAPIModel.swift */ = {isa = PBXFileReference; lastKnownFileType = sourcecode.swift; path = QuoteAPIModel.swift; sourceTree = "<group>"; };
		0043377E2A339DBD004AF73F /* ContentView.swift */ = {isa = PBXFileReference; fileEncoding = 4; lastKnownFileType = sourcecode.swift; path = ContentView.swift; sourceTree = "<group>"; };
		004337812A339E87004AF73F /* UserDefaultExtension.swift */ = {isa = PBXFileReference; lastKnownFileType = sourcecode.swift; path = UserDefaultExtension.swift; sourceTree = "<group>"; };
		004860112A1B8A7800F3E6B4 /* Ex.app */ = {isa = PBXFileReference; explicitFileType = wrapper.application; includeInIndex = 0; path = Ex.app; sourceTree = BUILT_PRODUCTS_DIR; };
		004860142A1B8A7800F3E6B4 /* ExApp.swift */ = {isa = PBXFileReference; lastKnownFileType = sourcecode.swift; path = ExApp.swift; sourceTree = "<group>"; };
		004860182A1B8A7900F3E6B4 /* Assets.xcassets */ = {isa = PBXFileReference; lastKnownFileType = folder.assetcatalog; path = Assets.xcassets; sourceTree = "<group>"; };
		0048601B2A1B8A7900F3E6B4 /* Preview Assets.xcassets */ = {isa = PBXFileReference; lastKnownFileType = folder.assetcatalog; path = "Preview Assets.xcassets"; sourceTree = "<group>"; };
		004C7D7D2AC1C96000F8D7EB /* SportsWallpaperWidget.swift */ = {isa = PBXFileReference; lastKnownFileType = sourcecode.swift; path = SportsWallpaperWidget.swift; sourceTree = "<group>"; };
		004CA8482A793EEB005B4F07 /* GifImage.swift */ = {isa = PBXFileReference; lastKnownFileType = sourcecode.swift; path = GifImage.swift; sourceTree = "<group>"; };
		004CA8502A79455E005B4F07 /* add_to_home_screen_new.gif */ = {isa = PBXFileReference; lastKnownFileType = image.gif; path = add_to_home_screen_new.gif; sourceTree = "<group>"; };
		004D9B382A4D98F100199886 /* HTTPAnimalPictureWidget.swift */ = {isa = PBXFileReference; lastKnownFileType = sourcecode.swift; path = HTTPAnimalPictureWidget.swift; sourceTree = "<group>"; };
		004D9B3D2A4D99CD00199886 /* ImageProvider.swift */ = {isa = PBXFileReference; lastKnownFileType = sourcecode.swift; path = ImageProvider.swift; sourceTree = "<group>"; };
		004D9B3F2A4D9E5600199886 /* NewConfigIntent.swift */ = {isa = PBXFileReference; lastKnownFileType = sourcecode.swift; path = NewConfigIntent.swift; sourceTree = "<group>"; };
		005048F42A6E95F200328710 /* FlirtyLineModel.swift */ = {isa = PBXFileReference; lastKnownFileType = sourcecode.swift; path = FlirtyLineModel.swift; sourceTree = "<group>"; };
		0050BDE82A8B740700D3162A /* NextMCUFilm.swift */ = {isa = PBXFileReference; lastKnownFileType = sourcecode.swift; path = NextMCUFilm.swift; sourceTree = "<group>"; };
		0050BDEE2A8BDB3A00D3162A /* MCUFilms.json */ = {isa = PBXFileReference; lastKnownFileType = text.json; path = MCUFilms.json; sourceTree = "<group>"; };
		0050BDF22A8BE0E100D3162A /* NextMCUFilmWidget.swift */ = {isa = PBXFileReference; lastKnownFileType = sourcecode.swift; path = NextMCUFilmWidget.swift; sourceTree = "<group>"; };
		00511CE12A2C911F00D1FD13 /* Request.swift */ = {isa = PBXFileReference; lastKnownFileType = sourcecode.swift; path = Request.swift; sourceTree = "<group>"; };
		00511CE72A2C960300D1FD13 /* JokeWidgetExtension.appex */ = {isa = PBXFileReference; explicitFileType = "wrapper.app-extension"; includeInIndex = 0; path = JokeWidgetExtension.appex; sourceTree = BUILT_PRODUCTS_DIR; };
		00511CE92A2C960300D1FD13 /* WidgetKit.framework */ = {isa = PBXFileReference; lastKnownFileType = wrapper.framework; name = WidgetKit.framework; path = Library/Frameworks/WidgetKit.framework; sourceTree = DEVELOPER_DIR; };
		00511CEB2A2C960300D1FD13 /* SwiftUI.framework */ = {isa = PBXFileReference; lastKnownFileType = wrapper.framework; name = SwiftUI.framework; path = System/Library/Frameworks/SwiftUI.framework; sourceTree = SDKROOT; };
		00511CEE2A2C960300D1FD13 /* JokeWidgetBundle.swift */ = {isa = PBXFileReference; lastKnownFileType = sourcecode.swift; path = JokeWidgetBundle.swift; sourceTree = "<group>"; };
		00511CF02A2C960300D1FD13 /* JokeWidget.swift */ = {isa = PBXFileReference; lastKnownFileType = sourcecode.swift; path = JokeWidget.swift; sourceTree = "<group>"; };
		00511CF22A2C960500D1FD13 /* Assets.xcassets */ = {isa = PBXFileReference; lastKnownFileType = folder.assetcatalog; path = Assets.xcassets; sourceTree = "<group>"; };
		00511CF42A2C960500D1FD13 /* Info.plist */ = {isa = PBXFileReference; lastKnownFileType = text.plist.xml; path = Info.plist; sourceTree = "<group>"; };
		00511CFD2A2CA03C00D1FD13 /* Screenshot 2023-06-04 at 16.04.08.png */ = {isa = PBXFileReference; lastKnownFileType = image.png; path = "Screenshot 2023-06-04 at 16.04.08.png"; sourceTree = "<group>"; };
		0058ABA22A66BC3F0050FA96 /* CuteAnimalWidget.swift */ = {isa = PBXFileReference; lastKnownFileType = sourcecode.swift; path = CuteAnimalWidget.swift; sourceTree = "<group>"; };
		007F29B42A8A3D7600D729D0 /* Date+RawRepresentale.swift */ = {isa = PBXFileReference; lastKnownFileType = sourcecode.swift; path = "Date+RawRepresentale.swift"; sourceTree = "<group>"; };
		008769AF2ABEC40000E4B572 /* AnimalPictureConfig.intentdefinition */ = {isa = PBXFileReference; fileEncoding = 4; lastKnownFileType = file.intentdefinition; path = AnimalPictureConfig.intentdefinition; sourceTree = "<group>"; };
		008769B32ABEC9D500E4B572 /* EraserDust-p70d.ttf */ = {isa = PBXFileReference; lastKnownFileType = file; path = "EraserDust-p70d.ttf"; sourceTree = "<group>"; };
		008C2AF82A7B918D0078EEB7 /* CarryYouRegular.ttf */ = {isa = PBXFileReference; lastKnownFileType = file; path = CarryYouRegular.ttf; sourceTree = "<group>"; };
		0091D9992A5EBFD9002A281A /* HelperViews.swift */ = {isa = PBXFileReference; lastKnownFileType = sourcecode.swift; path = HelperViews.swift; sourceTree = "<group>"; };
		009CEBCA2A72645A00E3D2E7 /* FactAboutTodayWidget.swift */ = {isa = PBXFileReference; lastKnownFileType = sourcecode.swift; path = FactAboutTodayWidget.swift; sourceTree = "<group>"; };
		009ECD562A8CAA20002DE0A9 /* Array+asNStringArray.swift */ = {isa = PBXFileReference; lastKnownFileType = sourcecode.swift; path = "Array+asNStringArray.swift"; sourceTree = "<group>"; };
		009ECD5B2A8CE19A002DE0A9 /* IdentifiableString.swift */ = {isa = PBXFileReference; lastKnownFileType = sourcecode.swift; path = IdentifiableString.swift; sourceTree = "<group>"; };
		00A07F642A5D2F6B006FC4DB /* NASAApodResponse.swift */ = {isa = PBXFileReference; lastKnownFileType = sourcecode.swift; path = NASAApodResponse.swift; sourceTree = "<group>"; };
		00A07F6A2A5D4416006FC4DB /* NASAApodWidget.swift */ = {isa = PBXFileReference; lastKnownFileType = sourcecode.swift; path = NASAApodWidget.swift; sourceTree = "<group>"; };
		00A07F742A5D7B85006FC4DB /* Config.plist */ = {isa = PBXFileReference; lastKnownFileType = text.plist.xml; path = Config.plist; sourceTree = "<group>"; };
		00A605192A6E9BD100AF5FD0 /* FlirtyLinesWidget.swift */ = {isa = PBXFileReference; lastKnownFileType = sourcecode.swift; path = FlirtyLinesWidget.swift; sourceTree = "<group>"; };
		00A6051B2A6FE09600AF5FD0 /* NumberAPIURLS.swift */ = {isa = PBXFileReference; lastKnownFileType = sourcecode.swift; path = NumberAPIURLS.swift; sourceTree = "<group>"; };
		00A6051E2A6FEE2D00AF5FD0 /* DigitalDisplayRegular.ttf */ = {isa = PBXFileReference; lastKnownFileType = file; path = DigitalDisplayRegular.ttf; sourceTree = "<group>"; };
		00A605212A6FF15D00AF5FD0 /* DS-DIGI.TTF */ = {isa = PBXFileReference; lastKnownFileType = file; path = "DS-DIGI.TTF"; sourceTree = "<group>"; };
		00A605242A6FF6CB00AF5FD0 /* DS-DIGIB.TTF */ = {isa = PBXFileReference; lastKnownFileType = file; path = "DS-DIGIB.TTF"; sourceTree = "<group>"; };
		00AC0A252A8641C900798580 /* TVShowQuoteResponse.swift */ = {isa = PBXFileReference; lastKnownFileType = sourcecode.swift; path = TVShowQuoteResponse.swift; sourceTree = "<group>"; };
		00AC0A272A8642B300798580 /* TVShowQuotes.json */ = {isa = PBXFileReference; lastKnownFileType = text.json; path = TVShowQuotes.json; sourceTree = "<group>"; };
		00AC0A342A865EA000798580 /* Intents.framework */ = {isa = PBXFileReference; lastKnownFileType = wrapper.framework; name = Intents.framework; path = System/Library/Frameworks/Intents.framework; sourceTree = SDKROOT; };
		00AC0A3F2A865EA000798580 /* IntentsUI.framework */ = {isa = PBXFileReference; lastKnownFileType = wrapper.framework; name = IntentsUI.framework; path = System/Library/Frameworks/IntentsUI.framework; sourceTree = SDKROOT; };
		00AC0A542A865F5D00798580 /* TVShowQuoteWidget.swift */ = {isa = PBXFileReference; lastKnownFileType = sourcecode.swift; path = TVShowQuoteWidget.swift; sourceTree = "<group>"; };
		00AC0A5D2A867BC700798580 /* MyIntentHandler.appex */ = {isa = PBXFileReference; explicitFileType = "wrapper.app-extension"; includeInIndex = 0; path = MyIntentHandler.appex; sourceTree = BUILT_PRODUCTS_DIR; };
		00AC0A602A867BC800798580 /* IntentHandler.swift */ = {isa = PBXFileReference; lastKnownFileType = sourcecode.swift; path = IntentHandler.swift; sourceTree = "<group>"; };
		00AC0A622A867BC800798580 /* Info.plist */ = {isa = PBXFileReference; lastKnownFileType = text.plist.xml; path = Info.plist; sourceTree = "<group>"; };
		00AC0A6C2A867E8000798580 /* Array+RawRepresentable.swift */ = {isa = PBXFileReference; lastKnownFileType = sourcecode.swift; path = "Array+RawRepresentable.swift"; sourceTree = "<group>"; };
		00B799B02A6985D300F66EC5 /* RAVIE.TTF */ = {isa = PBXFileReference; lastKnownFileType = file; path = RAVIE.TTF; sourceTree = "<group>"; };
		00D004AA2A652F7200D51C7E /* ComicKings.ttf */ = {isa = PBXFileReference; lastKnownFileType = file; path = ComicKings.ttf; sourceTree = "<group>"; };
		00D004AF2A65618200D51C7E /* SubscribeShadowRegular.ttf */ = {isa = PBXFileReference; lastKnownFileType = file; name = SubscribeShadowRegular.ttf; path = "Ex/subscribe-font/SubscribeShadowRegular.ttf"; sourceTree = SOURCE_ROOT; };
		00D004B02A65618200D51C7E /* SubscribeRegular.ttf */ = {isa = PBXFileReference; lastKnownFileType = file; name = SubscribeRegular.ttf; path = "Ex/subscribe-font/SubscribeRegular.ttf"; sourceTree = SOURCE_ROOT; };
		00D004B52A65963500D51C7E /* JokeType.swift */ = {isa = PBXFileReference; lastKnownFileType = sourcecode.swift; path = JokeType.swift; sourceTree = "<group>"; };
		00E4B5862A4C61570064E63C /* Info.plist */ = {isa = PBXFileReference; lastKnownFileType = text.plist; path = Info.plist; sourceTree = "<group>"; };
		00E4B5892A4C6E580064E63C /* QuoteWidget.swift */ = {isa = PBXFileReference; lastKnownFileType = sourcecode.swift; path = QuoteWidget.swift; sourceTree = "<group>"; };
		00F49BAB2A73C450008428F9 /* AllWidgetsView.swift */ = {isa = PBXFileReference; lastKnownFileType = sourcecode.swift; path = AllWidgetsView.swift; sourceTree = "<group>"; };
		00F49BAE2A73DD44008428F9 /* Storage.swift */ = {isa = PBXFileReference; lastKnownFileType = sourcecode.swift; path = Storage.swift; sourceTree = "<group>"; };
		00F523092A81008C0046576E /* BhagwatGitaResponse.swift */ = {isa = PBXFileReference; lastKnownFileType = sourcecode.swift; path = BhagwatGitaResponse.swift; sourceTree = "<group>"; };
		00F5230C2A8103400046576E /* Shlokas.json */ = {isa = PBXFileReference; lastKnownFileType = text.json; path = Shlokas.json; sourceTree = "<group>"; };
		00F5230F2A81043F0046576E /* BhagvatGitaWidget.swift */ = {isa = PBXFileReference; lastKnownFileType = sourcecode.swift; path = BhagvatGitaWidget.swift; sourceTree = "<group>"; };
		00F523122A8108650046576E /* HandwritingDraft.ttf */ = {isa = PBXFileReference; lastKnownFileType = file; path = HandwritingDraft.ttf; sourceTree = "<group>"; };
		00FEA1262AA086D4000C8E88 /* Dictionary+percentEncoded.swift */ = {isa = PBXFileReference; lastKnownFileType = sourcecode.swift; path = "Dictionary+percentEncoded.swift"; sourceTree = "<group>"; };
/* End PBXFileReference section */

/* Begin PBXFrameworksBuildPhase section */
		0048600E2A1B8A7800F3E6B4 /* Frameworks */ = {
			isa = PBXFrameworksBuildPhase;
			buildActionMask = 2147483647;
			files = (
				00842AD32A7A76350016983C /* MarqueeText in Frameworks */,
			);
			runOnlyForDeploymentPostprocessing = 0;
		};
		00511CE42A2C960300D1FD13 /* Frameworks */ = {
			isa = PBXFrameworksBuildPhase;
			buildActionMask = 2147483647;
			files = (
				00511CEC2A2C960300D1FD13 /* SwiftUI.framework in Frameworks */,
				00511CEA2A2C960300D1FD13 /* WidgetKit.framework in Frameworks */,
			);
			runOnlyForDeploymentPostprocessing = 0;
		};
		00AC0A5A2A867BC700798580 /* Frameworks */ = {
			isa = PBXFrameworksBuildPhase;
			buildActionMask = 2147483647;
			files = (
				00AC0A5E2A867BC700798580 /* Intents.framework in Frameworks */,
			);
			runOnlyForDeploymentPostprocessing = 0;
		};
/* End PBXFrameworksBuildPhase section */

/* Begin PBXGroup section */
		00134F1E2A514D120091D6FD /* Models */ = {
			isa = PBXGroup;
			children = (
				003BD26A2A4D81C2009FDFAC /* QuoteAPIModel.swift */,
				00134F1B2A514D080091D6FD /* SpeedModel.swift */,
				00134F1F2A514DD20091D6FD /* SpeedService.swift */,
				00A07F642A5D2F6B006FC4DB /* NASAApodResponse.swift */,
				001710F32A601642003D2071 /* RedditMemeResponse.swift */,
				001CB1F52A67ED1200458B60 /* MemeGeneratorModels.swift */,
				005048F42A6E95F200328710 /* FlirtyLineModel.swift */,
				00F523092A81008C0046576E /* BhagwatGitaResponse.swift */,
				00AC0A252A8641C900798580 /* TVShowQuoteResponse.swift */,
				0050BDE82A8B740700D3162A /* NextMCUFilm.swift */,
				009ECD5B2A8CE19A002DE0A9 /* IdentifiableString.swift */,
			);
			path = Models;
			sourceTree = "<group>";
		};
		003BD26D2A4D81C6009FDFAC /* Data */ = {
			isa = PBXGroup;
			children = (
				009ECD552A8CA9B6002DE0A9 /* Extensions */,
				009CEBCD2A726FF500E3D2E7 /* FetchHelpers */,
				00134F1E2A514D120091D6FD /* Models */,
				00511CE12A2C911F00D1FD13 /* Request.swift */,
				004337812A339E87004AF73F /* UserDefaultExtension.swift */,
				003BD2672A4D72B3009FDFAC /* MyIntents.swift */,
				00D004B52A65963500D51C7E /* JokeType.swift */,
				00F5230C2A8103400046576E /* Shlokas.json */,
				00AC0A272A8642B300798580 /* TVShowQuotes.json */,
				0050BDEE2A8BDB3A00D3162A /* MCUFilms.json */,
				001E38012A98830D00964FA6 /* ShlokaPlayerModel.swift */,
			);
			path = Data;
			sourceTree = "<group>";
		};
		0043377C2A339DBD004AF73F /* Views */ = {
			isa = PBXGroup;
			children = (
				00F49BAD2A73DD29008428F9 /* AllWidgetsView */,
				009CEBCC2A726FD500E3D2E7 /* Screens */,
				0091D9982A5EBFC2002A281A /* HelperViews */,
				0043377E2A339DBD004AF73F /* ContentView.swift */,
			);
			path = Views;
			sourceTree = "<group>";
		};
		004860082A1B8A7800F3E6B4 = {
			isa = PBXGroup;
			children = (
				00A07F742A5D7B85006FC4DB /* Config.plist */,
				003BD2662A4D7194009FDFAC /* JokeWidgetExtension.entitlements */,
				004CA8502A79455E005B4F07 /* add_to_home_screen_new.gif */,
				00511CFD2A2CA03C00D1FD13 /* Screenshot 2023-06-04 at 16.04.08.png */,
				004860132A1B8A7800F3E6B4 /* Ex */,
				00511CED2A2C960300D1FD13 /* JokeWidget */,
				00AC0A5F2A867BC800798580 /* MyIntentHandler */,
				00511CE82A2C960300D1FD13 /* Frameworks */,
				004860122A1B8A7800F3E6B4 /* Products */,
			);
			sourceTree = "<group>";
		};
		004860122A1B8A7800F3E6B4 /* Products */ = {
			isa = PBXGroup;
			children = (
				004860112A1B8A7800F3E6B4 /* Ex.app */,
				00511CE72A2C960300D1FD13 /* JokeWidgetExtension.appex */,
				00AC0A5D2A867BC700798580 /* MyIntentHandler.appex */,
			);
			name = Products;
			sourceTree = "<group>";
		};
		004860132A1B8A7800F3E6B4 /* Ex */ = {
			isa = PBXGroup;
			children = (
				00D004AE2A65618200D51C7E /* subscribe-font */,
				00D004AA2A652F7200D51C7E /* ComicKings.ttf */,
				003BD2652A4D718A009FDFAC /* Ex.entitlements */,
				00E4B5862A4C61570064E63C /* Info.plist */,
				003BD26D2A4D81C6009FDFAC /* Data */,
				0043377C2A339DBD004AF73F /* Views */,
				004860142A1B8A7800F3E6B4 /* ExApp.swift */,
				004860182A1B8A7900F3E6B4 /* Assets.xcassets */,
				0048601A2A1B8A7900F3E6B4 /* Preview Content */,
			);
			path = Ex;
			sourceTree = "<group>";
		};
		0048601A2A1B8A7900F3E6B4 /* Preview Content */ = {
			isa = PBXGroup;
			children = (
				0048601B2A1B8A7900F3E6B4 /* Preview Assets.xcassets */,
			);
			path = "Preview Content";
			sourceTree = "<group>";
		};
		004D9B3C2A4D99BA00199886 /* Helpers */ = {
			isa = PBXGroup;
			children = (
				004D9B3D2A4D99CD00199886 /* ImageProvider.swift */,
				004D9B3F2A4D9E5600199886 /* NewConfigIntent.swift */,
			);
			path = Helpers;
			sourceTree = "<group>";
		};
		00511CE82A2C960300D1FD13 /* Frameworks */ = {
			isa = PBXGroup;
			children = (
				00511CE92A2C960300D1FD13 /* WidgetKit.framework */,
				00511CEB2A2C960300D1FD13 /* SwiftUI.framework */,
				00AC0A342A865EA000798580 /* Intents.framework */,
				00AC0A3F2A865EA000798580 /* IntentsUI.framework */,
			);
			name = Frameworks;
			sourceTree = "<group>";
		};
		00511CED2A2C960300D1FD13 /* JokeWidget */ = {
			isa = PBXGroup;
			children = (
				00A07F6D2A5D4459006FC4DB /* Widgets */,
				004D9B3C2A4D99BA00199886 /* Helpers */,
				00511CEE2A2C960300D1FD13 /* JokeWidgetBundle.swift */,
				00511CF22A2C960500D1FD13 /* Assets.xcassets */,
				00511CF42A2C960500D1FD13 /* Info.plist */,
				00134F2E2A5153610091D6FD /* ViewModifier_iOS17.swift */,
			);
			path = JokeWidget;
			sourceTree = "<group>";
		};
		0091D9982A5EBFC2002A281A /* HelperViews */ = {
			isa = PBXGroup;
			children = (
				0091D9992A5EBFD9002A281A /* HelperViews.swift */,
				001FB8C02A5FDE3B0020F69C /* ImageSaver.swift */,
				004CA8482A793EEB005B4F07 /* GifImage.swift */,
			);
			path = HelperViews;
			sourceTree = "<group>";
		};
		009CEBCC2A726FD500E3D2E7 /* Screens */ = {
			isa = PBXGroup;
			children = (
				001CB1F32A67E84900458B60 /* MemeGenView.swift */,
			);
			path = Screens;
			sourceTree = "<group>";
		};
		009CEBCD2A726FF500E3D2E7 /* FetchHelpers */ = {
			isa = PBXGroup;
			children = (
				001ACE092A4EBA2C000CE9AF /* UIImage+resize.swift */,
				00134F222A514E0F0091D6FD /* NetworkError.swift */,
				00134F252A514E540091D6FD /* DownloadService.swift */,
				00134F282A514E820091D6FD /* URL+ping.swift */,
				00A6051B2A6FE09600AF5FD0 /* NumberAPIURLS.swift */,
			);
			name = FetchHelpers;
			sourceTree = "<group>";
		};
		009ECD552A8CA9B6002DE0A9 /* Extensions */ = {
			isa = PBXGroup;
			children = (
				00AC0A6C2A867E8000798580 /* Array+RawRepresentable.swift */,
				007F29B42A8A3D7600D729D0 /* Date+RawRepresentale.swift */,
				009ECD562A8CAA20002DE0A9 /* Array+asNStringArray.swift */,
				00FEA1262AA086D4000C8E88 /* Dictionary+percentEncoded.swift */,
			);
			path = Extensions;
			sourceTree = "<group>";
		};
		00A07F6D2A5D4459006FC4DB /* Widgets */ = {
			isa = PBXGroup;
			children = (
				00511CF02A2C960300D1FD13 /* JokeWidget.swift */,
				00E4B5892A4C6E580064E63C /* QuoteWidget.swift */,
				004D9B382A4D98F100199886 /* HTTPAnimalPictureWidget.swift */,
				00134F2B2A514F6A0091D6FD /* SpeedWidget.swift */,
				00A07F6A2A5D4416006FC4DB /* NASAApodWidget.swift */,
				0058ABA22A66BC3F0050FA96 /* CuteAnimalWidget.swift */,
				008769AF2ABEC40000E4B572 /* AnimalPictureConfig.intentdefinition */,
				00A605192A6E9BD100AF5FD0 /* FlirtyLinesWidget.swift */,
				009CEBCA2A72645A00E3D2E7 /* FactAboutTodayWidget.swift */,
				00F5230F2A81043F0046576E /* BhagvatGitaWidget.swift */,
				00AC0A542A865F5D00798580 /* TVShowQuoteWidget.swift */,
				0050BDF22A8BE0E100D3162A /* NextMCUFilmWidget.swift */,
				004C7D7D2AC1C96000F8D7EB /* SportsWallpaperWidget.swift */,
			);
			path = Widgets;
			sourceTree = "<group>";
		};
		00AC0A5F2A867BC800798580 /* MyIntentHandler */ = {
			isa = PBXGroup;
			children = (
				00AC0A602A867BC800798580 /* IntentHandler.swift */,
				00AC0A622A867BC800798580 /* Info.plist */,
			);
			path = MyIntentHandler;
			sourceTree = "<group>";
		};
		00D004AE2A65618200D51C7E /* subscribe-font */ = {
			isa = PBXGroup;
			children = (
				008769B32ABEC9D500E4B572 /* EraserDust-p70d.ttf */,
				0024EA092A9765DC002DA30C /* Apple Chancery.ttf */,
				00F523122A8108650046576E /* HandwritingDraft.ttf */,
				00A605242A6FF6CB00AF5FD0 /* DS-DIGIB.TTF */,
				00A605212A6FF15D00AF5FD0 /* DS-DIGI.TTF */,
				00A6051E2A6FEE2D00AF5FD0 /* DigitalDisplayRegular.ttf */,
				00B799B02A6985D300F66EC5 /* RAVIE.TTF */,
				00D004AF2A65618200D51C7E /* SubscribeShadowRegular.ttf */,
				008C2AF82A7B918D0078EEB7 /* CarryYouRegular.ttf */,
				00D004B02A65618200D51C7E /* SubscribeRegular.ttf */,
			);
			path = "subscribe-font";
			sourceTree = "<group>";
		};
		00F49BAD2A73DD29008428F9 /* AllWidgetsView */ = {
			isa = PBXGroup;
			children = (
				00F49BAB2A73C450008428F9 /* AllWidgetsView.swift */,
				00F49BAE2A73DD44008428F9 /* Storage.swift */,
			);
			path = AllWidgetsView;
			sourceTree = "<group>";
		};
/* End PBXGroup section */

/* Begin PBXNativeTarget section */
		004860102A1B8A7800F3E6B4 /* Ex */ = {
			isa = PBXNativeTarget;
			buildConfigurationList = 0048601F2A1B8A7900F3E6B4 /* Build configuration list for PBXNativeTarget "Ex" */;
			buildPhases = (
				0048600D2A1B8A7800F3E6B4 /* Sources */,
				0048600E2A1B8A7800F3E6B4 /* Frameworks */,
				0048600F2A1B8A7800F3E6B4 /* Resources */,
				00511CFB2A2C960500D1FD13 /* Embed Foundation Extensions */,
			);
			buildRules = (
			);
			dependencies = (
				00511CF62A2C960500D1FD13 /* PBXTargetDependency */,
				00AC0A642A867BC800798580 /* PBXTargetDependency */,
			);
			name = Ex;
			packageProductDependencies = (
				00842AD22A7A76350016983C /* MarqueeText */,
			);
			productName = Ex;
			productReference = 004860112A1B8A7800F3E6B4 /* Ex.app */;
			productType = "com.apple.product-type.application";
		};
		00511CE62A2C960300D1FD13 /* JokeWidgetExtension */ = {
			isa = PBXNativeTarget;
			buildConfigurationList = 00511CF82A2C960500D1FD13 /* Build configuration list for PBXNativeTarget "JokeWidgetExtension" */;
			buildPhases = (
				00511CE32A2C960300D1FD13 /* Sources */,
				00511CE42A2C960300D1FD13 /* Frameworks */,
				00511CE52A2C960300D1FD13 /* Resources */,
			);
			buildRules = (
			);
			dependencies = (
			);
			name = JokeWidgetExtension;
			productName = JokeWidgetExtension;
			productReference = 00511CE72A2C960300D1FD13 /* JokeWidgetExtension.appex */;
			productType = "com.apple.product-type.app-extension";
		};
		00AC0A5C2A867BC700798580 /* MyIntentHandler */ = {
			isa = PBXNativeTarget;
			buildConfigurationList = 00AC0A662A867BC800798580 /* Build configuration list for PBXNativeTarget "MyIntentHandler" */;
			buildPhases = (
				00AC0A592A867BC700798580 /* Sources */,
				00AC0A5A2A867BC700798580 /* Frameworks */,
				00AC0A5B2A867BC700798580 /* Resources */,
			);
			buildRules = (
			);
			dependencies = (
			);
			name = MyIntentHandler;
			productName = MyIntentHandler;
			productReference = 00AC0A5D2A867BC700798580 /* MyIntentHandler.appex */;
			productType = "com.apple.product-type.app-extension";
		};
/* End PBXNativeTarget section */

/* Begin PBXProject section */
		004860092A1B8A7800F3E6B4 /* Project object */ = {
			isa = PBXProject;
			attributes = {
				BuildIndependentTargetsInParallel = 1;
				LastSwiftUpdateCheck = 1500;
				LastUpgradeCheck = 1430;
				TargetAttributes = {
					004860102A1B8A7800F3E6B4 = {
						CreatedOnToolsVersion = 14.3;
					};
					00511CE62A2C960300D1FD13 = {
						CreatedOnToolsVersion = 14.3;
					};
					00AC0A5C2A867BC700798580 = {
						CreatedOnToolsVersion = 15.0;
					};
				};
			};
			buildConfigurationList = 0048600C2A1B8A7800F3E6B4 /* Build configuration list for PBXProject "Ex" */;
			compatibilityVersion = "Xcode 14.0";
			developmentRegion = en;
			hasScannedForEncodings = 0;
			knownRegions = (
				en,
				Base,
			);
			mainGroup = 004860082A1B8A7800F3E6B4;
			packageReferences = (
				00842AD12A7A76350016983C /* XCRemoteSwiftPackageReference "MarqueeText" */,
			);
			productRefGroup = 004860122A1B8A7800F3E6B4 /* Products */;
			projectDirPath = "";
			projectRoot = "";
			targets = (
				004860102A1B8A7800F3E6B4 /* Ex */,
				00511CE62A2C960300D1FD13 /* JokeWidgetExtension */,
				00AC0A5C2A867BC700798580 /* MyIntentHandler */,
			);
		};
/* End PBXProject section */

/* Begin PBXResourcesBuildPhase section */
		0048600F2A1B8A7800F3E6B4 /* Resources */ = {
			isa = PBXResourcesBuildPhase;
			buildActionMask = 2147483647;
			files = (
				00A605252A6FF6CB00AF5FD0 /* DS-DIGIB.TTF in Resources */,
				0050BDEF2A8BDB3A00D3162A /* MCUFilms.json in Resources */,
				008769B42ABEC9D500E4B572 /* EraserDust-p70d.ttf in Resources */,
				00D004B12A65618200D51C7E /* SubscribeShadowRegular.ttf in Resources */,
				00A6051F2A6FEE2D00AF5FD0 /* DigitalDisplayRegular.ttf in Resources */,
				00F5230D2A8103400046576E /* Shlokas.json in Resources */,
				00D004AB2A652F7200D51C7E /* ComicKings.ttf in Resources */,
				00AC0A282A8642B300798580 /* TVShowQuotes.json in Resources */,
				00F523132A8108650046576E /* HandwritingDraft.ttf in Resources */,
				00A07F752A5D7B85006FC4DB /* Config.plist in Resources */,
				004CA8512A79455E005B4F07 /* add_to_home_screen_new.gif in Resources */,
				008C2AF92A7B918D0078EEB7 /* CarryYouRegular.ttf in Resources */,
				00A605222A6FF15D00AF5FD0 /* DS-DIGI.TTF in Resources */,
				00D004B32A65618200D51C7E /* SubscribeRegular.ttf in Resources */,
				0024EA0A2A9765DC002DA30C /* Apple Chancery.ttf in Resources */,
				00B799B12A6985D300F66EC5 /* RAVIE.TTF in Resources */,
				00511CFE2A2CA03C00D1FD13 /* Screenshot 2023-06-04 at 16.04.08.png in Resources */,
				0048601C2A1B8A7900F3E6B4 /* Preview Assets.xcassets in Resources */,
				004860192A1B8A7900F3E6B4 /* Assets.xcassets in Resources */,
			);
			runOnlyForDeploymentPostprocessing = 0;
		};
		00511CE52A2C960300D1FD13 /* Resources */ = {
			isa = PBXResourcesBuildPhase;
			buildActionMask = 2147483647;
			files = (
				00A605232A6FF15D00AF5FD0 /* DS-DIGI.TTF in Resources */,
				00A605262A6FF6CB00AF5FD0 /* DS-DIGIB.TTF in Resources */,
				00B799B22A6985D300F66EC5 /* RAVIE.TTF in Resources */,
				00AC0A292A8642B300798580 /* TVShowQuotes.json in Resources */,
				0050BDF02A8BDB3A00D3162A /* MCUFilms.json in Resources */,
				00F5230E2A8103400046576E /* Shlokas.json in Resources */,
				00D004B22A65618200D51C7E /* SubscribeShadowRegular.ttf in Resources */,
				00A07F762A5D7B85006FC4DB /* Config.plist in Resources */,
				00511CF32A2C960500D1FD13 /* Assets.xcassets in Resources */,
				008769B52ABEC9D500E4B572 /* EraserDust-p70d.ttf in Resources */,
				00A605202A6FEE2D00AF5FD0 /* DigitalDisplayRegular.ttf in Resources */,
				00F523142A8108650046576E /* HandwritingDraft.ttf in Resources */,
				00D004B42A65618200D51C7E /* SubscribeRegular.ttf in Resources */,
				008C2AFA2A7B918D0078EEB7 /* CarryYouRegular.ttf in Resources */,
				0024EA0B2A9765DC002DA30C /* Apple Chancery.ttf in Resources */,
				00D004AC2A652F7200D51C7E /* ComicKings.ttf in Resources */,
			);
			runOnlyForDeploymentPostprocessing = 0;
		};
		00AC0A5B2A867BC700798580 /* Resources */ = {
			isa = PBXResourcesBuildPhase;
			buildActionMask = 2147483647;
			files = (
				0050BDF12A8BDB3A00D3162A /* MCUFilms.json in Resources */,
				008769B62ABEC9D500E4B572 /* EraserDust-p70d.ttf in Resources */,
			);
			runOnlyForDeploymentPostprocessing = 0;
		};
/* End PBXResourcesBuildPhase section */

/* Begin PBXSourcesBuildPhase section */
		0048600D2A1B8A7800F3E6B4 /* Sources */ = {
			isa = PBXSourcesBuildPhase;
			buildActionMask = 2147483647;
			files = (
				0050BDE92A8B740700D3162A /* NextMCUFilm.swift in Sources */,
				00134F1C2A514D080091D6FD /* SpeedModel.swift in Sources */,
				001CB1F62A67ED1200458B60 /* MemeGeneratorModels.swift in Sources */,
				009ECD532A8CA99B002DE0A9 /* IntentHandler.swift in Sources */,
				004CA8492A793EEB005B4F07 /* GifImage.swift in Sources */,
				007F29B52A8A3D7600D729D0 /* Date+RawRepresentale.swift in Sources */,
				005048F52A6E95F200328710 /* FlirtyLineModel.swift in Sources */,
				00F49BAC2A73C450008428F9 /* AllWidgetsView.swift in Sources */,
				009ECD5C2A8CE19A002DE0A9 /* IdentifiableString.swift in Sources */,
				00F5230A2A81008C0046576E /* BhagwatGitaResponse.swift in Sources */,
				00134F2F2A5153610091D6FD /* ViewModifier_iOS17.swift in Sources */,
				003BD26B2A4D81C2009FDFAC /* QuoteAPIModel.swift in Sources */,
				00D004B62A65963500D51C7E /* JokeType.swift in Sources */,
				004D9B432A4DA50600199886 /* NewConfigIntent.swift in Sources */,
				00AC0A262A8641C900798580 /* TVShowQuoteResponse.swift in Sources */,
				00134F202A514DD20091D6FD /* SpeedService.swift in Sources */,
				001FB8C12A5FDE3B0020F69C /* ImageSaver.swift in Sources */,
				00A07F652A5D2F6B006FC4DB /* NASAApodResponse.swift in Sources */,
				004337822A339E87004AF73F /* UserDefaultExtension.swift in Sources */,
				00FEA1272AA086D4000C8E88 /* Dictionary+percentEncoded.swift in Sources */,
				001ACE0A2A4EBA2C000CE9AF /* UIImage+resize.swift in Sources */,
				00134F292A514E820091D6FD /* URL+ping.swift in Sources */,
				00511CE22A2C911F00D1FD13 /* Request.swift in Sources */,
				001710F42A601642003D2071 /* RedditMemeResponse.swift in Sources */,
				00134F262A514E540091D6FD /* DownloadService.swift in Sources */,
				00AC0A6D2A867E8000798580 /* Array+RawRepresentable.swift in Sources */,
				00134F232A514E0F0091D6FD /* NetworkError.swift in Sources */,
				001CB1F42A67E84900458B60 /* MemeGenView.swift in Sources */,
				00A6051C2A6FE09600AF5FD0 /* NumberAPIURLS.swift in Sources */,
				009ECD572A8CAA20002DE0A9 /* Array+asNStringArray.swift in Sources */,
				00F49BAF2A73DD44008428F9 /* Storage.swift in Sources */,
				008769B02ABEC40000E4B572 /* AnimalPictureConfig.intentdefinition in Sources */,
				003BD2682A4D72B3009FDFAC /* MyIntents.swift in Sources */,
				0091D99A2A5EBFD9002A281A /* HelperViews.swift in Sources */,
				001E38022A98830D00964FA6 /* ShlokaPlayerModel.swift in Sources */,
				004337802A339DBD004AF73F /* ContentView.swift in Sources */,
				00F523102A81043F0046576E /* BhagvatGitaWidget.swift in Sources */,
				004860152A1B8A7800F3E6B4 /* ExApp.swift in Sources */,
			);
			runOnlyForDeploymentPostprocessing = 0;
		};
		00511CE32A2C960300D1FD13 /* Sources */ = {
			isa = PBXSourcesBuildPhase;
			buildActionMask = 2147483647;
			files = (
				00134F2D2A514F6A0091D6FD /* SpeedWidget.swift in Sources */,
				00511CF12A2C960300D1FD13 /* JokeWidget.swift in Sources */,
				00134F242A514E0F0091D6FD /* NetworkError.swift in Sources */,
				00AC0A6E2A867E9E00798580 /* Array+RawRepresentable.swift in Sources */,
				001E38032A98830D00964FA6 /* ShlokaPlayerModel.swift in Sources */,
				009ECD542A8CA99C002DE0A9 /* IntentHandler.swift in Sources */,
				009ECD582A8CAA20002DE0A9 /* Array+asNStringArray.swift in Sources */,
				00D004B72A65963500D51C7E /* JokeType.swift in Sources */,
				00AC0A2A2A864ADC00798580 /* TVShowQuoteResponse.swift in Sources */,
				00134F1D2A514D080091D6FD /* SpeedModel.swift in Sources */,
				004337832A33A140004AF73F /* UserDefaultExtension.swift in Sources */,
				009ECD5D2A8CE19A002DE0A9 /* IdentifiableString.swift in Sources */,
				00134F272A514E540091D6FD /* DownloadService.swift in Sources */,
				001CB1F72A67EEBB00458B60 /* MemeGeneratorModels.swift in Sources */,
				001FB8C22A5FDF220020F69C /* ImageSaver.swift in Sources */,
				004D9B392A4D98F100199886 /* HTTPAnimalPictureWidget.swift in Sources */,
				00511CFC2A2C961200D1FD13 /* Request.swift in Sources */,
				0058ABA32A66BC3F0050FA96 /* CuteAnimalWidget.swift in Sources */,
				0050BDEA2A8B76E400D3162A /* NextMCUFilm.swift in Sources */,
				009CEBCB2A72645A00E3D2E7 /* FactAboutTodayWidget.swift in Sources */,
				003BD2692A4D72B3009FDFAC /* MyIntents.swift in Sources */,
				004D9B402A4D9E5600199886 /* NewConfigIntent.swift in Sources */,
				00F523112A81043F0046576E /* BhagvatGitaWidget.swift in Sources */,
				00511CEF2A2C960300D1FD13 /* JokeWidgetBundle.swift in Sources */,
				001710F52A601645003D2071 /* RedditMemeResponse.swift in Sources */,
				004C7D7E2AC1C96000F8D7EB /* SportsWallpaperWidget.swift in Sources */,
				00134F212A514DD20091D6FD /* SpeedService.swift in Sources */,
				00E4B58A2A4C6E580064E63C /* QuoteWidget.swift in Sources */,
				00134F2A2A514E820091D6FD /* URL+ping.swift in Sources */,
				001ACE0B2A4EBA2E000CE9AF /* UIImage+resize.swift in Sources */,
				0050BDF32A8BE0E100D3162A /* NextMCUFilmWidget.swift in Sources */,
				004D9B3E2A4D99CD00199886 /* ImageProvider.swift in Sources */,
				00A6051D2A6FE09600AF5FD0 /* NumberAPIURLS.swift in Sources */,
				005048F62A6E95F200328710 /* FlirtyLineModel.swift in Sources */,
				008769B12ABEC40000E4B572 /* AnimalPictureConfig.intentdefinition in Sources */,
				00F5230B2A81008C0046576E /* BhagwatGitaResponse.swift in Sources */,
				00AC0A552A865F5D00798580 /* TVShowQuoteWidget.swift in Sources */,
				003BD26C2A4D81C2009FDFAC /* QuoteAPIModel.swift in Sources */,
				00A07F662A5D2F6B006FC4DB /* NASAApodResponse.swift in Sources */,
				00A6051A2A6E9BD100AF5FD0 /* FlirtyLinesWidget.swift in Sources */,
				00A07F6C2A5D4416006FC4DB /* NASAApodWidget.swift in Sources */,
				00134F302A5153610091D6FD /* ViewModifier_iOS17.swift in Sources */,
				007F29B62A8A3D7600D729D0 /* Date+RawRepresentale.swift in Sources */,
				00FEA1282AA086D4000C8E88 /* Dictionary+percentEncoded.swift in Sources */,
			);
			runOnlyForDeploymentPostprocessing = 0;
		};
		00AC0A592A867BC700798580 /* Sources */ = {
			isa = PBXSourcesBuildPhase;
			buildActionMask = 2147483647;
			files = (
				00AC0A612A867BC800798580 /* IntentHandler.swift in Sources */,
				008769B22ABEC40000E4B572 /* AnimalPictureConfig.intentdefinition in Sources */,
				009ECD592A8CAA20002DE0A9 /* Array+asNStringArray.swift in Sources */,
				00AC0A6B2A867C6C00798580 /* TVShowQuoteResponse.swift in Sources */,
				009ECD5E2A8CE19A002DE0A9 /* IdentifiableString.swift in Sources */,
				00AC0A6F2A867E9F00798580 /* Array+RawRepresentable.swift in Sources */,
			);
			runOnlyForDeploymentPostprocessing = 0;
		};
/* End PBXSourcesBuildPhase section */

/* Begin PBXTargetDependency section */
		00511CF62A2C960500D1FD13 /* PBXTargetDependency */ = {
			isa = PBXTargetDependency;
			target = 00511CE62A2C960300D1FD13 /* JokeWidgetExtension */;
			targetProxy = 00511CF52A2C960500D1FD13 /* PBXContainerItemProxy */;
		};
		00AC0A642A867BC800798580 /* PBXTargetDependency */ = {
			isa = PBXTargetDependency;
			target = 00AC0A5C2A867BC700798580 /* MyIntentHandler */;
			targetProxy = 00AC0A632A867BC800798580 /* PBXContainerItemProxy */;
		};
/* End PBXTargetDependency section */

/* Begin XCBuildConfiguration section */
		0048601D2A1B8A7900F3E6B4 /* Debug */ = {
			isa = XCBuildConfiguration;
			buildSettings = {
				ALWAYS_SEARCH_USER_PATHS = NO;
				CLANG_ANALYZER_NONNULL = YES;
				CLANG_ANALYZER_NUMBER_OBJECT_CONVERSION = YES_AGGRESSIVE;
				CLANG_CXX_LANGUAGE_STANDARD = "gnu++20";
				CLANG_ENABLE_MODULES = YES;
				CLANG_ENABLE_OBJC_ARC = YES;
				CLANG_ENABLE_OBJC_WEAK = YES;
				CLANG_WARN_BLOCK_CAPTURE_AUTORELEASING = YES;
				CLANG_WARN_BOOL_CONVERSION = YES;
				CLANG_WARN_COMMA = YES;
				CLANG_WARN_CONSTANT_CONVERSION = YES;
				CLANG_WARN_DEPRECATED_OBJC_IMPLEMENTATIONS = YES;
				CLANG_WARN_DIRECT_OBJC_ISA_USAGE = YES_ERROR;
				CLANG_WARN_DOCUMENTATION_COMMENTS = YES;
				CLANG_WARN_EMPTY_BODY = YES;
				CLANG_WARN_ENUM_CONVERSION = YES;
				CLANG_WARN_INFINITE_RECURSION = YES;
				CLANG_WARN_INT_CONVERSION = YES;
				CLANG_WARN_NON_LITERAL_NULL_CONVERSION = YES;
				CLANG_WARN_OBJC_IMPLICIT_RETAIN_SELF = YES;
				CLANG_WARN_OBJC_LITERAL_CONVERSION = YES;
				CLANG_WARN_OBJC_ROOT_CLASS = YES_ERROR;
				CLANG_WARN_QUOTED_INCLUDE_IN_FRAMEWORK_HEADER = YES;
				CLANG_WARN_RANGE_LOOP_ANALYSIS = YES;
				CLANG_WARN_STRICT_PROTOTYPES = YES;
				CLANG_WARN_SUSPICIOUS_MOVE = YES;
				CLANG_WARN_UNGUARDED_AVAILABILITY = YES_AGGRESSIVE;
				CLANG_WARN_UNREACHABLE_CODE = YES;
				CLANG_WARN__DUPLICATE_METHOD_MATCH = YES;
				COPY_PHASE_STRIP = NO;
				DEBUG_INFORMATION_FORMAT = dwarf;
				ENABLE_STRICT_OBJC_MSGSEND = YES;
				ENABLE_TESTABILITY = YES;
				GCC_C_LANGUAGE_STANDARD = gnu11;
				GCC_DYNAMIC_NO_PIC = NO;
				GCC_NO_COMMON_BLOCKS = YES;
				GCC_OPTIMIZATION_LEVEL = 0;
				GCC_PREPROCESSOR_DEFINITIONS = (
					"DEBUG=1",
					"$(inherited)",
				);
				GCC_WARN_64_TO_32_BIT_CONVERSION = YES;
				GCC_WARN_ABOUT_RETURN_TYPE = YES_ERROR;
				GCC_WARN_UNDECLARED_SELECTOR = YES;
				GCC_WARN_UNINITIALIZED_AUTOS = YES_AGGRESSIVE;
				GCC_WARN_UNUSED_FUNCTION = YES;
				GCC_WARN_UNUSED_VARIABLE = YES;
				MTL_ENABLE_DEBUG_INFO = INCLUDE_SOURCE;
				MTL_FAST_MATH = YES;
				ONLY_ACTIVE_ARCH = YES;
				SDKROOT = appletvos;
				SWIFT_ACTIVE_COMPILATION_CONDITIONS = DEBUG;
				SWIFT_OPTIMIZATION_LEVEL = "-Onone";
				TVOS_DEPLOYMENT_TARGET = 16.4;
			};
			name = Debug;
		};
		0048601E2A1B8A7900F3E6B4 /* Release */ = {
			isa = XCBuildConfiguration;
			buildSettings = {
				ALWAYS_SEARCH_USER_PATHS = NO;
				CLANG_ANALYZER_NONNULL = YES;
				CLANG_ANALYZER_NUMBER_OBJECT_CONVERSION = YES_AGGRESSIVE;
				CLANG_CXX_LANGUAGE_STANDARD = "gnu++20";
				CLANG_ENABLE_MODULES = YES;
				CLANG_ENABLE_OBJC_ARC = YES;
				CLANG_ENABLE_OBJC_WEAK = YES;
				CLANG_WARN_BLOCK_CAPTURE_AUTORELEASING = YES;
				CLANG_WARN_BOOL_CONVERSION = YES;
				CLANG_WARN_COMMA = YES;
				CLANG_WARN_CONSTANT_CONVERSION = YES;
				CLANG_WARN_DEPRECATED_OBJC_IMPLEMENTATIONS = YES;
				CLANG_WARN_DIRECT_OBJC_ISA_USAGE = YES_ERROR;
				CLANG_WARN_DOCUMENTATION_COMMENTS = YES;
				CLANG_WARN_EMPTY_BODY = YES;
				CLANG_WARN_ENUM_CONVERSION = YES;
				CLANG_WARN_INFINITE_RECURSION = YES;
				CLANG_WARN_INT_CONVERSION = YES;
				CLANG_WARN_NON_LITERAL_NULL_CONVERSION = YES;
				CLANG_WARN_OBJC_IMPLICIT_RETAIN_SELF = YES;
				CLANG_WARN_OBJC_LITERAL_CONVERSION = YES;
				CLANG_WARN_OBJC_ROOT_CLASS = YES_ERROR;
				CLANG_WARN_QUOTED_INCLUDE_IN_FRAMEWORK_HEADER = YES;
				CLANG_WARN_RANGE_LOOP_ANALYSIS = YES;
				CLANG_WARN_STRICT_PROTOTYPES = YES;
				CLANG_WARN_SUSPICIOUS_MOVE = YES;
				CLANG_WARN_UNGUARDED_AVAILABILITY = YES_AGGRESSIVE;
				CLANG_WARN_UNREACHABLE_CODE = YES;
				CLANG_WARN__DUPLICATE_METHOD_MATCH = YES;
				COPY_PHASE_STRIP = NO;
				DEBUG_INFORMATION_FORMAT = "dwarf-with-dsym";
				ENABLE_NS_ASSERTIONS = NO;
				ENABLE_STRICT_OBJC_MSGSEND = YES;
				GCC_C_LANGUAGE_STANDARD = gnu11;
				GCC_NO_COMMON_BLOCKS = YES;
				GCC_WARN_64_TO_32_BIT_CONVERSION = YES;
				GCC_WARN_ABOUT_RETURN_TYPE = YES_ERROR;
				GCC_WARN_UNDECLARED_SELECTOR = YES;
				GCC_WARN_UNINITIALIZED_AUTOS = YES_AGGRESSIVE;
				GCC_WARN_UNUSED_FUNCTION = YES;
				GCC_WARN_UNUSED_VARIABLE = YES;
				MTL_ENABLE_DEBUG_INFO = NO;
				MTL_FAST_MATH = YES;
				SDKROOT = appletvos;
				SWIFT_COMPILATION_MODE = wholemodule;
				SWIFT_OPTIMIZATION_LEVEL = "-O";
				TVOS_DEPLOYMENT_TARGET = 16.4;
				VALIDATE_PRODUCT = YES;
			};
			name = Release;
		};
		004860202A1B8A7900F3E6B4 /* Debug */ = {
			isa = XCBuildConfiguration;
			buildSettings = {
				ALWAYS_EMBED_SWIFT_STANDARD_LIBRARIES = YES;
				ASSETCATALOG_COMPILER_APPICON_NAME = AppIcon;
				ASSETCATALOG_COMPILER_GLOBAL_ACCENT_COLOR_NAME = AccentColor;
				CODE_SIGN_ENTITLEMENTS = Ex/Ex.entitlements;
				CODE_SIGN_IDENTITY = "Apple Development";
				CODE_SIGN_STYLE = Automatic;
				CURRENT_PROJECT_VERSION = 1;
				DEVELOPMENT_ASSET_PATHS = "\"Ex/Preview Content\"";
				DEVELOPMENT_TEAM = HJ3C6V359D;
				ENABLE_PREVIEWS = YES;
				GENERATE_INFOPLIST_FILE = YES;
				INFOPLIST_FILE = Ex/Info.plist;
				INFOPLIST_KEY_CFBundleDisplayName = kEntertainment;
				INFOPLIST_KEY_LSApplicationCategoryType = "public.app-category.entertainment";
				INFOPLIST_KEY_NSPhotoLibraryAddUsageDescription = "Please allow access to save photo in your photo library";
				INFOPLIST_KEY_NSPhotoLibraryUsageDescription = "You can select photos to add to widgets";
				INFOPLIST_KEY_UILaunchScreen_Generation = YES;
				INFOPLIST_KEY_UISupportedInterfaceOrientations = UIInterfaceOrientationPortrait;
				INFOPLIST_KEY_UISupportedInterfaceOrientations_iPad = "UIInterfaceOrientationLandscapeLeft UIInterfaceOrientationLandscapeRight UIInterfaceOrientationPortrait UIInterfaceOrientationPortraitUpsideDown";
				INFOPLIST_KEY_UIUserInterfaceStyle = Automatic;
				IPHONEOS_DEPLOYMENT_TARGET = 16;
				LD_RUNPATH_SEARCH_PATHS = (
					"$(inherited)",
					"@executable_path/Frameworks",
				);
				MARKETING_VERSION = 0.1;
				PRODUCT_BUNDLE_IDENTIFIER = com.kidastudios.aioEntertainment;
				PRODUCT_NAME = "$(TARGET_NAME)";
				PROVISIONING_PROFILE_SPECIFIER = "";
				SUPPORTED_PLATFORMS = "iphoneos iphonesimulator";
				SUPPORTS_MACCATALYST = NO;
				SUPPORTS_MAC_DESIGNED_FOR_IPHONE_IPAD = YES;
				SUPPORTS_XR_DESIGNED_FOR_IPHONE_IPAD = NO;
				SWIFT_EMIT_LOC_STRINGS = YES;
				SWIFT_VERSION = 5.0;
				TARGETED_DEVICE_FAMILY = "1,2,7";
			};
			name = Debug;
		};
		004860212A1B8A7900F3E6B4 /* Release */ = {
			isa = XCBuildConfiguration;
			buildSettings = {
				ALWAYS_EMBED_SWIFT_STANDARD_LIBRARIES = YES;
				ASSETCATALOG_COMPILER_APPICON_NAME = AppIcon;
				ASSETCATALOG_COMPILER_GLOBAL_ACCENT_COLOR_NAME = AccentColor;
				CODE_SIGN_ENTITLEMENTS = Ex/Ex.entitlements;
				CODE_SIGN_IDENTITY = "Apple Development";
				CODE_SIGN_STYLE = Automatic;
				CURRENT_PROJECT_VERSION = 1;
				DEVELOPMENT_ASSET_PATHS = "\"Ex/Preview Content\"";
				DEVELOPMENT_TEAM = HJ3C6V359D;
				ENABLE_PREVIEWS = YES;
				GENERATE_INFOPLIST_FILE = YES;
				INFOPLIST_FILE = Ex/Info.plist;
				INFOPLIST_KEY_CFBundleDisplayName = kEntertainment;
				INFOPLIST_KEY_LSApplicationCategoryType = "public.app-category.entertainment";
				INFOPLIST_KEY_NSPhotoLibraryAddUsageDescription = "Please allow access to save photo in your photo library";
				INFOPLIST_KEY_NSPhotoLibraryUsageDescription = "You can select photos to add to widgets";
				INFOPLIST_KEY_UILaunchScreen_Generation = YES;
				INFOPLIST_KEY_UISupportedInterfaceOrientations = UIInterfaceOrientationPortrait;
				INFOPLIST_KEY_UISupportedInterfaceOrientations_iPad = "UIInterfaceOrientationLandscapeLeft UIInterfaceOrientationLandscapeRight UIInterfaceOrientationPortrait UIInterfaceOrientationPortraitUpsideDown";
				INFOPLIST_KEY_UIUserInterfaceStyle = Automatic;
				IPHONEOS_DEPLOYMENT_TARGET = 16;
				LD_RUNPATH_SEARCH_PATHS = (
					"$(inherited)",
					"@executable_path/Frameworks",
				);
				MARKETING_VERSION = 0.1;
				PRODUCT_BUNDLE_IDENTIFIER = com.kidastudios.aioEntertainment;
				PRODUCT_NAME = "$(TARGET_NAME)";
				PROVISIONING_PROFILE_SPECIFIER = "";
				SUPPORTED_PLATFORMS = "iphoneos iphonesimulator";
				SUPPORTS_MACCATALYST = NO;
				SUPPORTS_MAC_DESIGNED_FOR_IPHONE_IPAD = YES;
				SUPPORTS_XR_DESIGNED_FOR_IPHONE_IPAD = NO;
				SWIFT_EMIT_LOC_STRINGS = YES;
				SWIFT_VERSION = 5.0;
				TARGETED_DEVICE_FAMILY = "1,2,7";
			};
			name = Release;
		};
		00511CF92A2C960500D1FD13 /* Debug */ = {
			isa = XCBuildConfiguration;
			buildSettings = {
				ASSETCATALOG_COMPILER_GLOBAL_ACCENT_COLOR_NAME = AccentColor;
				ASSETCATALOG_COMPILER_WIDGET_BACKGROUND_COLOR_NAME = WidgetBackground;
				CODE_SIGN_ENTITLEMENTS = JokeWidgetExtension.entitlements;
				CODE_SIGN_STYLE = Automatic;
				CURRENT_PROJECT_VERSION = 1;
				DEVELOPMENT_TEAM = HJ3C6V359D;
				GENERATE_INFOPLIST_FILE = YES;
				INFOPLIST_FILE = JokeWidget/Info.plist;
				INFOPLIST_KEY_CFBundleDisplayName = JokeWidget;
				INFOPLIST_KEY_NSHumanReadableCopyright = "";
				IPHONEOS_DEPLOYMENT_TARGET = 16;
				LD_RUNPATH_SEARCH_PATHS = (
					"$(inherited)",
					"@executable_path/Frameworks",
					"@executable_path/../../Frameworks",
				);
				MARKETING_VERSION = 1.0;
				PRODUCT_BUNDLE_IDENTIFIER = com.kidastudios.aioEntertainment.JokeWidget;
				PRODUCT_NAME = "$(TARGET_NAME)";
				SDKROOT = iphoneos;
				SKIP_INSTALL = YES;
				SUPPORTED_PLATFORMS = "iphoneos iphonesimulator";
				SUPPORTS_MACCATALYST = NO;
				SUPPORTS_XR_DESIGNED_FOR_IPHONE_IPAD = YES;
				SWIFT_EMIT_LOC_STRINGS = YES;
				SWIFT_VERSION = 5.0;
				TARGETED_DEVICE_FAMILY = "1,2";
			};
			name = Debug;
		};
		00511CFA2A2C960500D1FD13 /* Release */ = {
			isa = XCBuildConfiguration;
			buildSettings = {
				ASSETCATALOG_COMPILER_GLOBAL_ACCENT_COLOR_NAME = AccentColor;
				ASSETCATALOG_COMPILER_WIDGET_BACKGROUND_COLOR_NAME = WidgetBackground;
				CODE_SIGN_ENTITLEMENTS = JokeWidgetExtension.entitlements;
				CODE_SIGN_STYLE = Automatic;
				CURRENT_PROJECT_VERSION = 1;
				DEVELOPMENT_TEAM = HJ3C6V359D;
				GENERATE_INFOPLIST_FILE = YES;
				INFOPLIST_FILE = JokeWidget/Info.plist;
				INFOPLIST_KEY_CFBundleDisplayName = JokeWidget;
				INFOPLIST_KEY_NSHumanReadableCopyright = "";
				IPHONEOS_DEPLOYMENT_TARGET = 16;
				LD_RUNPATH_SEARCH_PATHS = (
					"$(inherited)",
					"@executable_path/Frameworks",
					"@executable_path/../../Frameworks",
				);
				MARKETING_VERSION = 1.0;
				PRODUCT_BUNDLE_IDENTIFIER = com.kidastudios.aioEntertainment.JokeWidget;
				PRODUCT_NAME = "$(TARGET_NAME)";
				SDKROOT = iphoneos;
				SKIP_INSTALL = YES;
				SUPPORTED_PLATFORMS = "iphoneos iphonesimulator";
				SUPPORTS_MACCATALYST = NO;
				SUPPORTS_XR_DESIGNED_FOR_IPHONE_IPAD = YES;
				SWIFT_EMIT_LOC_STRINGS = YES;
				SWIFT_VERSION = 5.0;
				TARGETED_DEVICE_FAMILY = "1,2";
			};
			name = Release;
		};
		00AC0A672A867BC800798580 /* Debug */ = {
			isa = XCBuildConfiguration;
			buildSettings = {
				ASSETCATALOG_COMPILER_GENERATE_SWIFT_ASSET_SYMBOL_EXTENSIONS = YES;
				CODE_SIGN_IDENTITY = "Apple Development";
				CODE_SIGN_STYLE = Automatic;
				CURRENT_PROJECT_VERSION = 1;
				DEVELOPMENT_TEAM = HJ3C6V359D;
				ENABLE_USER_SCRIPT_SANDBOXING = YES;
				GCC_C_LANGUAGE_STANDARD = gnu17;
				GENERATE_INFOPLIST_FILE = YES;
				INFOPLIST_FILE = MyIntentHandler/Info.plist;
				INFOPLIST_KEY_CFBundleDisplayName = MyIntentHandler;
				INFOPLIST_KEY_NSHumanReadableCopyright = "";
				IPHONEOS_DEPLOYMENT_TARGET = 16;
				LD_RUNPATH_SEARCH_PATHS = (
					"$(inherited)",
					"@executable_path/Frameworks",
					"@executable_path/../../Frameworks",
				);
				LOCALIZATION_PREFERS_STRING_CATALOGS = YES;
				MARKETING_VERSION = 1.0;
				PRODUCT_BUNDLE_IDENTIFIER = com.kidastudios.aioEntertainment.MyIntentHandler;
				PRODUCT_NAME = "$(TARGET_NAME)";
				SDKROOT = iphoneos;
				SKIP_INSTALL = YES;
				SWIFT_ACTIVE_COMPILATION_CONDITIONS = "DEBUG $(inherited)";
				SWIFT_EMIT_LOC_STRINGS = YES;
				SWIFT_VERSION = 5.0;
				TARGETED_DEVICE_FAMILY = "1,2";
			};
			name = Debug;
		};
		00AC0A682A867BC800798580 /* Release */ = {
			isa = XCBuildConfiguration;
			buildSettings = {
				ASSETCATALOG_COMPILER_GENERATE_SWIFT_ASSET_SYMBOL_EXTENSIONS = YES;
				CODE_SIGN_IDENTITY = "Apple Development";
				CODE_SIGN_STYLE = Automatic;
				CURRENT_PROJECT_VERSION = 1;
				DEVELOPMENT_TEAM = HJ3C6V359D;
				ENABLE_USER_SCRIPT_SANDBOXING = YES;
				GCC_C_LANGUAGE_STANDARD = gnu17;
				GENERATE_INFOPLIST_FILE = YES;
				INFOPLIST_FILE = MyIntentHandler/Info.plist;
				INFOPLIST_KEY_CFBundleDisplayName = MyIntentHandler;
				INFOPLIST_KEY_NSHumanReadableCopyright = "";
				IPHONEOS_DEPLOYMENT_TARGET = 16;
				LD_RUNPATH_SEARCH_PATHS = (
					"$(inherited)",
					"@executable_path/Frameworks",
					"@executable_path/../../Frameworks",
				);
				LOCALIZATION_PREFERS_STRING_CATALOGS = YES;
				MARKETING_VERSION = 1.0;
				PRODUCT_BUNDLE_IDENTIFIER = com.kidastudios.aioEntertainment.MyIntentHandler;
				PRODUCT_NAME = "$(TARGET_NAME)";
				SDKROOT = iphoneos;
				SKIP_INSTALL = YES;
				SWIFT_EMIT_LOC_STRINGS = YES;
				SWIFT_VERSION = 5.0;
				TARGETED_DEVICE_FAMILY = "1,2";
			};
			name = Release;
		};
/* End XCBuildConfiguration section */

/* Begin XCConfigurationList section */
		0048600C2A1B8A7800F3E6B4 /* Build configuration list for PBXProject "Ex" */ = {
			isa = XCConfigurationList;
			buildConfigurations = (
				0048601D2A1B8A7900F3E6B4 /* Debug */,
				0048601E2A1B8A7900F3E6B4 /* Release */,
			);
			defaultConfigurationIsVisible = 0;
			defaultConfigurationName = Release;
		};
		0048601F2A1B8A7900F3E6B4 /* Build configuration list for PBXNativeTarget "Ex" */ = {
			isa = XCConfigurationList;
			buildConfigurations = (
				004860202A1B8A7900F3E6B4 /* Debug */,
				004860212A1B8A7900F3E6B4 /* Release */,
			);
			defaultConfigurationIsVisible = 0;
			defaultConfigurationName = Release;
		};
		00511CF82A2C960500D1FD13 /* Build configuration list for PBXNativeTarget "JokeWidgetExtension" */ = {
			isa = XCConfigurationList;
			buildConfigurations = (
				00511CF92A2C960500D1FD13 /* Debug */,
				00511CFA2A2C960500D1FD13 /* Release */,
			);
			defaultConfigurationIsVisible = 0;
			defaultConfigurationName = Release;
		};
		00AC0A662A867BC800798580 /* Build configuration list for PBXNativeTarget "MyIntentHandler" */ = {
			isa = XCConfigurationList;
			buildConfigurations = (
				00AC0A672A867BC800798580 /* Debug */,
				00AC0A682A867BC800798580 /* Release */,
			);
			defaultConfigurationIsVisible = 0;
			defaultConfigurationName = Release;
		};
/* End XCConfigurationList section */

/* Begin XCRemoteSwiftPackageReference section */
		00842AD12A7A76350016983C /* XCRemoteSwiftPackageReference "MarqueeText" */ = {
			isa = XCRemoteSwiftPackageReference;
			repositoryURL = "https://github.com/joekndy/MarqueeText";
			requirement = {
				branch = master;
				kind = branch;
			};
		};
/* End XCRemoteSwiftPackageReference section */

/* Begin XCSwiftPackageProductDependency section */
		00842AD22A7A76350016983C /* MarqueeText */ = {
			isa = XCSwiftPackageProductDependency;
			package = 00842AD12A7A76350016983C /* XCRemoteSwiftPackageReference "MarqueeText" */;
			productName = MarqueeText;
		};
/* End XCSwiftPackageProductDependency section */
	};
	rootObject = 004860092A1B8A7800F3E6B4 /* Project object */;
}
